
Microsoft Visual Studio Solution File, Format Version 12.00
# Visual Studio Version 17
VisualStudioVersion = 17.14.37411.7
MinimumVisualStudioVersion = 10.0.40219.1
Project("{FAE04EC0-301F-11D3-BF4B-00C04F79EFBC}") = "TallerMecanicoFinal", "TallerMecanicoFinal\TallerMecanicoFinal.csproj", "{D304A2EE-E3B1-4B9D-BB6C-2DB4A57EF102}"
EndProject
Project("{FAE04EC0-301F-11D3-BF4B-00C04F79EFBC}") = "TallerMecanicoFinal.Tests", "TallerMecanicoFinal.Tests\TallerMecanicoFinal.Tests.csproj", "{40953792-E962-409A-9D26-32FE710D34C2}"
EndProject
Global
	GlobalSection(SolutionConfigurationPlatforms) = preSolution
		Debug|Any CPU = Debug|Any CPU
		Debug|x64 = Debug|x64
		Debug|x86 = Debug|x86
		Release|Any CPU = Release|Any CPU
		Release|x64 = Release|x64
		Release|x86 = Release|x86
	EndGlobalSection
	GlobalSection(ProjectConfigurationPlatforms) = postSolution
		{D304A2EE-E3B1-4B9D-BB6C-2DB4A57EF102}.Debug|Any CPU.ActiveCfg = Debug|Any CPU
		{D304A2EE-E3B1-4B9D-BB6C-2DB4A57EF102}.Debug|Any CPU.Build.0 = Debug|Any CPU
		{D304A2EE-E3B1-4B9D-BB6C-2DB4A57EF102}.Debug|x64.ActiveCfg = Debug|Any CPU
		{D304A2EE-E3B1-4B9D-BB6C-2DB4A57EF102}.Debug|x64.Build.0 = Debug|Any CPU
		{D304A2EE-E3B1-4B9D-BB6C-2DB4A57EF102}.Debug|x86.ActiveCfg = Debug|Any CPU
		{D304A2EE-E3B1-4B9D-BB6C-2DB4A57EF102}.Debug|x86.Build.0 = Debug|Any CPU
		{D304A2EE-E3B1-4B9D-BB6C-2DB4A57EF102}.Release|Any CPU.ActiveCfg = Release|Any CPU
		{D304A2EE-E3B1-4B9D-BB6C-2DB4A57EF102}.Release|Any CPU.Build.0 = Release|Any CPU
		{D304A2EE-E3B1-4B9D-BB6C-2DB4A57EF102}.Release|x64.ActiveCfg = Release|Any CPU
		{D304A2EE-E3B1-4B9D-BB6C-2DB4A57EF102}.Release|x64.Build.0 = Release|Any CPU
		{D304A2EE-E3B1-4B9D-BB6C-2DB4A57EF102}.Release|x86.ActiveCfg = Release|Any CPU
		{D304A2EE-E3B1-4B9D-BB6C-2DB4A57EF102}.Release|x86.Build.0 = Release|Any CPU
		{40953792-E962-409A-9D26-32FE710D34C2}.Debug|Any CPU.ActiveCfg = Debug|Any CPU
		{40953792-E962-409A-9D26-32FE710D34C2}.Debug|Any CPU.Build.0 = Debug|Any CPU
		{40953792-E962-409A-9D26-32FE710D34C2}.Debug|x64.ActiveCfg = Debug|Any CPU
		{40953792-E962-409A-9D26-32FE710D34C2}.Debug|x64.Build.0 = Debug|Any CPU
		{40953792-E962-409A-9D26-32FE710D34C2}.Debug|x86.ActiveCfg = Debug|Any CPU
		{40953792-E962-409A-9D26-32FE710D34C2}.Debug|x86.Build.0 = Debug|Any CPU
		{40953792-E962-409A-9D26-32FE710D34C2}.Release|Any CPU.ActiveCfg = Release|Any CPU
		{40953792-E962-409A-9D26-32FE710D34C2}.Release|Any CPU.Build.0 = Release|Any CPU
		{40953792-E962-409A-9D26-32FE710D34C2}.Release|x64.ActiveCfg = Release|Any CPU
		{40953792-E962-409A-9D26-32FE710D34C2}.Release|x64.Build.0 = Release|Any CPU
		{40953792-E962-409A-9D26-32FE710D34C2}.Release|x86.ActiveCfg = Release|Any CPU
		{40953792-E962-409A-9D26-32FE710D34C2}.Release|x86.Build.0 = Release|Any CPU
	EndGlobalSection
	GlobalSection(SolutionProperties) = preSolution
		HideSolutionNode = FALSE
	EndGlobalSection
	GlobalSection(ExtensibilityGlobals) = postSolution
		SolutionGuid = {B4FC8D68-4F87-41BF-A6DA-B3E61239EF5B}
	EndGlobalSection
EndGlobal
